
Microsoft Visual Studio Solution File, Format Version 12.00
# Visual Studio Version 17
VisualStudioVersion = 17.14.36915.13 d17.14
MinimumVisualStudioVersion = 10.0.40219.1
Project("{FAE04EC0-301F-11D3-BF4B-00C04F79EFBC}") = "HotCoffeeMauiAgoraSignalingSampleCsproj", "HotCoffeeMauiAgoraSignalingSampleCsproj.csproj", "{2D7A0214-5075-4C2E-8D8D-9890E3830D41}"
EndProject
Global
	GlobalSection(SolutionConfigurationPlatforms) = preSolution
		Debug|Any CPU = Debug|Any CPU
		Release|Any CPU = Release|Any CPU
	EndGlobalSection
	GlobalSection(ProjectConfigurationPlatforms) = postSolution
		{2D7A0214-5075-4C2E-8D8D-9890E3830D41}.Debug|Any CPU.ActiveCfg = Debug|Any CPU
		{2D7A0214-5075-4C2E-8D8D-9890E3830D41}.Debug|Any CPU.Build.0 = Debug|Any CPU
		{2D7A0214-5075-4C2E-8D8D-9890E3830D41}.Release|Any CPU.ActiveCfg = Release|Any CPU
		{2D7A0214-5075-4C2E-8D8D-9890E3830D41}.Release|Any CPU.Build.0 = Release|Any CPU
	EndGlobalSection
	GlobalSection(SolutionProperties) = preSolution
		HideSolutionNode = FALSE
	EndGlobalSection
	GlobalSection(ExtensibilityGlobals) = postSolution
		SolutionGuid = {497AF208-3CB2-4F35-9B9C-229B8ED16DA0}
	EndGlobalSection
EndGlobal
